# THIS IS AN AUTOGENERATED FILE. DO NOT EDIT THIS FILE DIRECTLY.
# yarn lockfile v1


"@esbuild/darwin-arm64@0.21.5":
  version "0.21.5"
  resolved "https://registry.npmjs.org/@esbuild/darwin-arm64/-/darwin-arm64-0.21.5.tgz"
  integrity sha512-DwqXqZyuk5AiWWf3UfLiRDJ5EDd49zg6O9wclZ7kUMv2WRFr4HKjXp/5t8JZ11QbQfUS6/cRCKGwYhtNAY88kQ==

"@hotwired/stimulus@^3.2.2":
  version "3.2.2"
  resolved "https://registry.npmjs.org/@hotwired/stimulus/-/stimulus-3.2.2.tgz"
  integrity sha512-eGeIqNOQpXoPAIP7tC1+1Yc1yl1xnwYqg+3mzqxyrbE5pg5YFBZcA6YoTiByJB6DKAEsiWtl6tjTJS4IYtbB7A==

"@hotwired/turbo-rails@^8.0.16":
  version "8.0.16"
  resolved "https://registry.npmjs.org/@hotwired/turbo-rails/-/turbo-rails-8.0.16.tgz"
  integrity sha512-Yxiy2x+N3eOIEDokvLzSrd08aI5RDKnFYDQFl2J/LuMEWTtPdY7oNP0F/gv/sSe5AV23Lwz4FitG/uNFXNM5tA==
  dependencies:
    "@hotwired/turbo" "^8.0.13"
    "@rails/actioncable" ">=7.0"

"@hotwired/turbo@^8.0.13":
  version "8.0.13"
  resolved "https://registry.npmjs.org/@hotwired/turbo/-/turbo-8.0.13.tgz"
  integrity sha512-M7qXUqcGab6G5PKOiwhgbByTtrPgKPFCTMNQ52QhzUEXEqmp0/ApEguUesh/FPiUjrmFec+3lq98KsWnYY2C7g==

"@isaacs/fs-minipass@^4.0.0":
  version "4.0.1"
  resolved "https://registry.npmjs.org/@isaacs/fs-minipass/-/fs-minipass-4.0.1.tgz"
  integrity sha512-wgm9Ehl2jpeqP3zw/7mo3kRHFp5MEDhqAdwy1fTGkHAwnkGOVsgpvQhL8B5n1qlb01jV3n/bI0ZfZp5lWA1k4w==
  dependencies:
    minipass "^7.0.4"

"@jridgewell/gen-mapping@^0.3.5":
  version "0.3.13"
  resolved "https://registry.npmjs.org/@jridgewell/gen-mapping/-/gen-mapping-0.3.13.tgz"
  integrity sha512-2kkt/7niJ6MgEPxF0bYdQ6etZaA+fQvDcLKckhy1yIQOzaoKjBBjSj63/aLVjYE3qhRt5dvM+uUyfCg6UKCBbA==
  dependencies:
    "@jridgewell/sourcemap-codec" "^1.5.0"
    "@jridgewell/trace-mapping" "^0.3.24"

"@jridgewell/remapping@^2.3.4":
  version "2.3.5"
  resolved "https://registry.npmjs.org/@jridgewell/remapping/-/remapping-2.3.5.tgz"
  integrity sha512-LI9u/+laYG4Ds1TDKSJW2YPrIlcVYOwi2fUC6xB43lueCjgxV4lffOCZCtYFiH6TNOX+tQKXx97T4IKHbhyHEQ==
  dependencies:
    "@jridgewell/gen-mapping" "^0.3.5"
    "@jridgewell/trace-mapping" "^0.3.24"

"@jridgewell/resolve-uri@^3.1.0":
  version "3.1.2"
  resolved "https://registry.npmjs.org/@jridgewell/resolve-uri/-/resolve-uri-3.1.2.tgz"
  integrity sha512-bRISgCIjP20/tbWSPWMEi54QVPRZExkuD9lJL+UIxUKtwVJA8wW1Trb1jMs1RFXo1CBTNZ/5hpC9QvmKWdopKw==

"@jridgewell/sourcemap-codec@^1.4.14", "@jridgewell/sourcemap-codec@^1.5.0", "@jridgewell/sourcemap-codec@^1.5.5":
  version "1.5.5"
  resolved "https://registry.npmjs.org/@jridgewell/sourcemap-codec/-/sourcemap-codec-1.5.5.tgz"
  integrity sha512-cYQ9310grqxueWbl+WuIUIaiUaDcj7WOq5fVhEljNVgRfOUhY9fy2zTvfoqWsnebh8Sl70VScFbICvJnLKB0Og==

"@jridgewell/trace-mapping@^0.3.24":
  version "0.3.30"
  resolved "https://registry.npmjs.org/@jridgewell/trace-mapping/-/trace-mapping-0.3.30.tgz"
  integrity sha512-GQ7Nw5G2lTu/BtHTKfXhKHok2WGetd4XYcVKGx00SjAk8GMwgJM3zr6zORiPGuOE+/vkc90KtTosSSvaCjKb2Q==
  dependencies:
    "@jridgewell/resolve-uri" "^3.1.0"
    "@jridgewell/sourcemap-codec" "^1.4.14"

"@lydell/node-pty-darwin-arm64@1.1.0":
  version "1.1.0"
  resolved "https://registry.npmjs.org/@lydell/node-pty-darwin-arm64/-/node-pty-darwin-arm64-1.1.0.tgz"
  integrity sha512-7kFD+owAA61qmhJCtoMbqj3Uvff3YHDiU+4on5F2vQdcMI3MuwGi7dM6MkFG/yuzpw8LF2xULpL71tOPUfxs0w==

"@lydell/node-pty@^1.0.0":
  version "1.1.0"
  resolved "https://registry.npmjs.org/@lydell/node-pty/-/node-pty-1.1.0.tgz"
  integrity sha512-VDD8LtlMTOrPKWMXUAcB9+LTktzuunqrMwkYR1DMRBkS6LQrCt+0/Ws1o2rMml/n3guePpS7cxhHF7Nm5K4iMw==
  optionalDependencies:
    "@lydell/node-pty-darwin-arm64" "1.1.0"
    "@lydell/node-pty-darwin-x64" "1.1.0"
    "@lydell/node-pty-linux-arm64" "1.1.0"
    "@lydell/node-pty-linux-x64" "1.1.0"
    "@lydell/node-pty-win32-arm64" "1.1.0"
    "@lydell/node-pty-win32-x64" "1.1.0"

"@nodelib/fs.scandir@2.1.5":
  version "2.1.5"
  resolved "https://registry.npmjs.org/@nodelib/fs.scandir/-/fs.scandir-2.1.5.tgz"
  integrity sha512-vq24Bq3ym5HEQm2NKCr3yXDwjc7vTsEThRDnkp2DK9p1uqLR+DHurm/NOTo0KG7HYHU7eppKZj3MyqYuMBf62g==
  dependencies:
    "@nodelib/fs.stat" "2.0.5"
    run-parallel "^1.1.9"

"@nodelib/fs.stat@^2.0.2", "@nodelib/fs.stat@2.0.5":
  version "2.0.5"
  resolved "https://registry.npmjs.org/@nodelib/fs.stat/-/fs.stat-2.0.5.tgz"
  integrity sha512-RkhPPp2zrqDAQA/2jNhnztcPAlv64XdhIp7a7454A5ovI7Bukxgt7MX7udwAu3zg1DcpPU0rz3VV1SeaqvY4+A==

"@nodelib/fs.walk@^1.2.3":
  version "1.2.8"
  resolved "https://registry.npmjs.org/@nodelib/fs.walk/-/fs.walk-1.2.8.tgz"
  integrity sha512-oGB+UxlgWcgQkgwo8GcEGwemoTFt3FIO9ababBmaGwXIoBKZ+GTy0pP185beGg7Llih/NSHSV2XAs1lnznocSg==
  dependencies:
    "@nodelib/fs.scandir" "2.1.5"
    fastq "^1.6.0"

"@rails/actioncable@>=7.0":
  version "8.0.201"
  resolved "https://registry.npmjs.org/@rails/actioncable/-/actioncable-8.0.201.tgz"
  integrity sha512-WiXZodvnK7u+wlu72DZydfV75x14HhzXI84sto9xcdsW1DMOHK+jYwQuuE/Wh/hKH5yajFIw/3DUP6MHDeGrbA==

"@rollup/rollup-darwin-arm64@4.49.0":
  version "4.49.0"
  resolved "https://registry.npmjs.org/@rollup/rollup-darwin-arm64/-/rollup-darwin-arm64-4.49.0.tgz"
  integrity sha512-99kMMSMQT7got6iYX3yyIiJfFndpojBmkHfTc1rIje8VbjhmqBXE+nb7ZZP3A5skLyujvT0eIUCUsxAe6NjWbw==

"@tailwindcss/node@4.1.12":
  version "4.1.12"
  resolved "https://registry.npmjs.org/@tailwindcss/node/-/node-4.1.12.tgz"
  integrity sha512-3hm9brwvQkZFe++SBt+oLjo4OLDtkvlE8q2WalaD/7QWaeM7KEJbAiY/LJZUaCs7Xa8aUu4xy3uoyX4q54UVdQ==
  dependencies:
    "@jridgewell/remapping" "^2.3.4"
    enhanced-resolve "^5.18.3"
    jiti "^2.5.1"
    lightningcss "1.30.1"
    magic-string "^0.30.17"
    source-map-js "^1.2.1"
    tailwindcss "4.1.12"

"@tailwindcss/oxide-darwin-arm64@4.1.12":
  version "4.1.12"
  resolved "https://registry.npmjs.org/@tailwindcss/oxide-darwin-arm64/-/oxide-darwin-arm64-4.1.12.tgz"
  integrity sha512-cq1qmq2HEtDV9HvZlTtrj671mCdGB93bVY6J29mwCyaMYCP/JaUBXxrQQQm7Qn33AXXASPUb2HFZlWiiHWFytw==

"@tailwindcss/oxide@4.1.12":
  version "4.1.12"
  resolved "https://registry.npmjs.org/@tailwindcss/oxide/-/oxide-4.1.12.tgz"
  integrity sha512-gM5EoKHW/ukmlEtphNwaGx45fGoEmP10v51t9unv55voWh6WrOL19hfuIdo2FjxIaZzw776/BUQg7Pck++cIVw==
  dependencies:
    detect-libc "^2.0.4"
    tar "^7.4.3"
  optionalDependencies:
    "@tailwindcss/oxide-android-arm64" "4.1.12"
    "@tailwindcss/oxide-darwin-arm64" "4.1.12"
    "@tailwindcss/oxide-darwin-x64" "4.1.12"
    "@tailwindcss/oxide-freebsd-x64" "4.1.12"
    "@tailwindcss/oxide-linux-arm-gnueabihf" "4.1.12"
    "@tailwindcss/oxide-linux-arm64-gnu" "4.1.12"
    "@tailwindcss/oxide-linux-arm64-musl" "4.1.12"
    "@tailwindcss/oxide-linux-x64-gnu" "4.1.12"
    "@tailwindcss/oxide-linux-x64-musl" "4.1.12"
    "@tailwindcss/oxide-wasm32-wasi" "4.1.12"
    "@tailwindcss/oxide-win32-arm64-msvc" "4.1.12"
    "@tailwindcss/oxide-win32-x64-msvc" "4.1.12"

"@tailwindcss/vite@^4.1.12":
  version "4.1.12"
  resolved "https://registry.npmjs.org/@tailwindcss/vite/-/vite-4.1.12.tgz"
  integrity sha512-4pt0AMFDx7gzIrAOIYgYP0KCBuKWqyW8ayrdiLEjoJTT4pKTjrzG/e4uzWtTLDziC+66R9wbUqZBccJalSE5vQ==
  dependencies:
    "@tailwindcss/node" "4.1.12"
    "@tailwindcss/oxide" "4.1.12"
    tailwindcss "4.1.12"

"@types/estree@1.0.8":
  version "1.0.8"
  resolved "https://registry.npmjs.org/@types/estree/-/estree-1.0.8.tgz"
  integrity sha512-dWHzHa2WqEXI/O1E9OjrocMTKJl2mSrEolh1Iomrv6U+JuNwaHXsXx9bLu5gG7BUWFIN0skIQJQ/L1rIex4X6w==

autoprefixer@^10.4.14:
  version "10.4.21"
  resolved "https://registry.npmjs.org/autoprefixer/-/autoprefixer-10.4.21.tgz"
  integrity sha512-O+A6LWV5LDHSJD3LjHYoNi4VLsj/Whi7k6zG12xTYaU4cQ8oxQGckXNX8cRHK5yOZ/ppVHe0ZBXGzSV9jXdVbQ==
  dependencies:
    browserslist "^4.24.4"
    caniuse-lite "^1.0.30001702"
    fraction.js "^4.3.7"
    normalize-range "^0.1.2"
    picocolors "^1.1.1"
    postcss-value-parser "^4.2.0"

braces@^3.0.3:
  version "3.0.3"
  resolved "https://registry.npmjs.org/braces/-/braces-3.0.3.tgz"
  integrity sha512-yQbXgO/OSZVD2IsiLlro+7Hf6Q18EJrKSEsdoMzKePKXct3gvD8oLcOQdIzGupr5Fj+EDe8gO/lxc1BzfMpxvA==
  dependencies:
    fill-range "^7.1.1"

browserslist@^4.24.4, "browserslist@>= 4.21.0":
  version "4.25.4"
  resolved "https://registry.npmjs.org/browserslist/-/browserslist-4.25.4.tgz"
  integrity sha512-4jYpcjabC606xJ3kw2QwGEZKX0Aw7sgQdZCvIK9dhVSPh76BKo+C+btT1RRofH7B+8iNpEbgGNVWiLki5q93yg==
  dependencies:
    caniuse-lite "^1.0.30001737"
    electron-to-chromium "^1.5.211"
    node-releases "^2.0.19"
    update-browserslist-db "^1.1.3"

caniuse-lite@^1.0.30001702, caniuse-lite@^1.0.30001737:
  version "1.0.30001737"
  resolved "https://registry.npmjs.org/caniuse-lite/-/caniuse-lite-1.0.30001737.tgz"
  integrity sha512-BiloLiXtQNrY5UyF0+1nSJLXUENuhka2pzy2Fx5pGxqavdrxSCW4U6Pn/PoG3Efspi2frRbHpBV2XsrPE6EDlw==

chownr@^3.0.0:
  version "3.0.0"
  resolved "https://registry.npmjs.org/chownr/-/chownr-3.0.0.tgz"
  integrity sha512-+IxzY9BZOQd/XuYPRmrvEVjF/nqj5kgT4kEq7VofrDoM1MxoRjEWkrCC3EtLi59TVawxTAn+orJwFQcrqEN1+g==

debug@^4.3, debug@^4.3.4:
  version "4.4.1"
  resolved "https://registry.npmjs.org/debug/-/debug-4.4.1.tgz"
  integrity sha512-KcKCqiftBJcZr++7ykoDIEwSa3XWowTfNPo92BYxjXiyYEVrUQh2aLyhxBCwww+heortUFxEJYcRzosstTEBYQ==
  dependencies:
    ms "^2.1.3"

detect-libc@^2.0.3, detect-libc@^2.0.4:
  version "2.0.4"
  resolved "https://registry.npmjs.org/detect-libc/-/detect-libc-2.0.4.tgz"
  integrity sha512-3UDv+G9CsCKO1WKMGw9fwq/SWJYbI0c5Y7LU1AXYoDdbhE2AHQ6N6Nb34sG8Fj7T5APy8qXDCKuuIHd1BR0tVA==

electron-to-chromium@^1.5.211:
  version "1.5.211"
  resolved "https://registry.npmjs.org/electron-to-chromium/-/electron-to-chromium-1.5.211.tgz"
  integrity sha512-IGBvimJkotaLzFnwIVgW9/UD/AOJ2tByUmeOrtqBfACSbAw5b1G0XpvdaieKyc7ULmbwXVx+4e4Be8pOPBrYkw==

enhanced-resolve@^5.18.3:
  version "5.18.3"
  resolved "https://registry.npmjs.org/enhanced-resolve/-/enhanced-resolve-5.18.3.tgz"
  integrity sha512-d4lC8xfavMeBjzGr2vECC3fsGXziXZQyJxD868h2M/mBI3PwAuODxAkLkq5HYuvrPYcUtiLzsTo8U3PgX3Ocww==
  dependencies:
    graceful-fs "^4.2.4"
    tapable "^2.2.0"

esbuild@^0.21.3:
  version "0.21.5"
  resolved "https://registry.npmjs.org/esbuild/-/esbuild-0.21.5.tgz"
  integrity sha512-mg3OPMV4hXywwpoDxu3Qda5xCKQi+vCTZq8S9J/EpkhB2HzKXq4SNFZE3+NK93JYxc8VMSep+lOUSC/RVKaBqw==
  optionalDependencies:
    "@esbuild/aix-ppc64" "0.21.5"
    "@esbuild/android-arm" "0.21.5"
    "@esbuild/android-arm64" "0.21.5"
    "@esbuild/android-x64" "0.21.5"
    "@esbuild/darwin-arm64" "0.21.5"
    "@esbuild/darwin-x64" "0.21.5"
    "@esbuild/freebsd-arm64" "0.21.5"
    "@esbuild/freebsd-x64" "0.21.5"
    "@esbuild/linux-arm" "0.21.5"
    "@esbuild/linux-arm64" "0.21.5"
    "@esbuild/linux-ia32" "0.21.5"
    "@esbuild/linux-loong64" "0.21.5"
    "@esbuild/linux-mips64el" "0.21.5"
    "@esbuild/linux-ppc64" "0.21.5"
    "@esbuild/linux-riscv64" "0.21.5"
    "@esbuild/linux-s390x" "0.21.5"
    "@esbuild/linux-x64" "0.21.5"
    "@esbuild/netbsd-x64" "0.21.5"
    "@esbuild/openbsd-x64" "0.21.5"
    "@esbuild/sunos-x64" "0.21.5"
    "@esbuild/win32-arm64" "0.21.5"
    "@esbuild/win32-ia32" "0.21.5"
    "@esbuild/win32-x64" "0.21.5"

escalade@^3.2.0:
  version "3.2.0"
  resolved "https://registry.npmjs.org/escalade/-/escalade-3.2.0.tgz"
  integrity sha512-WUj2qlxaQtO4g6Pq5c29GTcWGDyd8itL8zTlipgECz3JesAiiOKotd8JU6otB3PACgG6xkJUyVhboMS+bje/jA==

fast-glob@^3.3.2:
  version "3.3.3"
  resolved "https://registry.npmjs.org/fast-glob/-/fast-glob-3.3.3.tgz"
  integrity sha512-7MptL8U0cqcFdzIzwOTHoilX9x5BrNqye7Z/LuC7kCMRio1EMSyqRK3BEAUD7sXRq4iT4AzTVuZdhgQ2TCvYLg==
  dependencies:
    "@nodelib/fs.stat" "^2.0.2"
    "@nodelib/fs.walk" "^1.2.3"
    glob-parent "^5.1.2"
    merge2 "^1.3.0"
    micromatch "^4.0.8"

fastq@^1.6.0:
  version "1.19.1"
  resolved "https://registry.npmjs.org/fastq/-/fastq-1.19.1.tgz"
  integrity sha512-GwLTyxkCXjXbxqIhTsMI2Nui8huMPtnxg7krajPJAjnEG/iiOS7i+zCtWGZR9G0NBKbXKh6X9m9UIsYX/N6vvQ==
  dependencies:
    reusify "^1.0.4"

fill-range@^7.1.1:
  version "7.1.1"
  resolved "https://registry.npmjs.org/fill-range/-/fill-range-7.1.1.tgz"
  integrity sha512-YsGpe3WHLK8ZYi4tWDg2Jy3ebRz2rXowDxnld4bkQB00cc/1Zw9AWnC0i9ztDJitivtQvaI9KaLyKrc+hBW0yg==
  dependencies:
    to-regex-range "^5.0.1"

fraction.js@^4.3.7:
  version "4.3.7"
  resolved "https://registry.npmjs.org/fraction.js/-/fraction.js-4.3.7.tgz"
  integrity sha512-ZsDfxO51wGAXREY55a7la9LScWpwv9RxIrYABrlvOFBlH/ShPnrtsXeuUIfXKKOVicNxQ+o8JTbJvjS4M89yew==

fsevents@~2.3.2, fsevents@~2.3.3:
  version "2.3.3"
  resolved "https://registry.npmjs.org/fsevents/-/fsevents-2.3.3.tgz"
  integrity sha512-5xoDfX+fL7faATnagmWPpbFtwh/R77WmMMqqHGS65C3vvB0YHrgF+B1YmZ3441tMj5n63k0212XNoJwzlhffQw==

glob-parent@^5.1.2:
  version "5.1.2"
  resolved "https://registry.npmjs.org/glob-parent/-/glob-parent-5.1.2.tgz"
  integrity sha512-AOIgSQCepiJYwP3ARnGx+5VnTu2HBYdzbGP45eLw1vr3zB3vZLeyed1sC9hnbcOc9/SrMyM5RPQrkGz4aS9Zow==
  dependencies:
    is-glob "^4.0.1"

graceful-fs@^4.2.4:
  version "4.2.11"
  resolved "https://registry.npmjs.org/graceful-fs/-/graceful-fs-4.2.11.tgz"
  integrity sha512-RbJ5/jmFcNNCcDV5o9eTnBLJ/HszWV0P73bc+Ff4nS/rJj+YaS6IGyiOL0VoBYX+l1Wrl3k63h/KrH+nhJ0XvQ==

is-extglob@^2.1.1:
  version "2.1.1"
  resolved "https://registry.npmjs.org/is-extglob/-/is-extglob-2.1.1.tgz"
  integrity sha512-SbKbANkN603Vi4jEZv49LeVJMn4yGwsbzZworEoyEiutsN3nJYdbO36zfhGJ6QEDpOZIFkDtnq5JRxmvl3jsoQ==

is-glob@^4.0.1:
  version "4.0.3"
  resolved "https://registry.npmjs.org/is-glob/-/is-glob-4.0.3.tgz"
  integrity sha512-xelSayHH36ZgE7ZWhli7pW34hNbNl8Ojv5KVmkJD4hBdD3th8Tfk9vYasLM+mXWOZhFkgZfxhLSnrwRr4elSSg==
  dependencies:
    is-extglob "^2.1.1"

is-number@^7.0.0:
  version "7.0.0"
  resolved "https://registry.npmjs.org/is-number/-/is-number-7.0.0.tgz"
  integrity sha512-41Cifkg6e8TylSpdtTpeLVMqvSBEVzTttHvERD741+pnZ8ANv0004MRL43QKPDlK9cGvNp6NZWZUBlbGXYxxng==

jiti@^2.5.1:
  version "2.5.1"
  resolved "https://registry.npmjs.org/jiti/-/jiti-2.5.1.tgz"
  integrity sha512-twQoecYPiVA5K/h6SxtORw/Bs3ar+mLUtoPSc7iMXzQzK8d7eJ/R09wmTwAjiamETn1cXYPGfNnu7DMoHgu12w==

lightningcss-darwin-arm64@1.30.1:
  version "1.30.1"
  resolved "https://registry.npmjs.org/lightningcss-darwin-arm64/-/lightningcss-darwin-arm64-1.30.1.tgz"
  integrity sha512-c8JK7hyE65X1MHMN+Viq9n11RRC7hgin3HhYKhrMyaXflk5GVplZ60IxyoVtzILeKr+xAJwg6zK6sjTBJ0FKYQ==

lightningcss@^1.21.0, lightningcss@1.30.1:
  version "1.30.1"
  resolved "https://registry.npmjs.org/lightningcss/-/lightningcss-1.30.1.tgz"
  integrity sha512-xi6IyHML+c9+Q3W0S4fCQJOym42pyurFiJUHEcEyHS0CeKzia4yZDEsLlqOFykxOdHpNy0NmvVO31vcSqAxJCg==
  dependencies:
    detect-libc "^2.0.3"
  optionalDependencies:
    lightningcss-darwin-arm64 "1.30.1"
    lightningcss-darwin-x64 "1.30.1"
    lightningcss-freebsd-x64 "1.30.1"
    lightningcss-linux-arm-gnueabihf "1.30.1"
    lightningcss-linux-arm64-gnu "1.30.1"
    lightningcss-linux-arm64-musl "1.30.1"
    lightningcss-linux-x64-gnu "1.30.1"
    lightningcss-linux-x64-musl "1.30.1"
    lightningcss-win32-arm64-msvc "1.30.1"
    lightningcss-win32-x64-msvc "1.30.1"

magic-string@^0.30.17:
  version "0.30.18"
  resolved "https://registry.npmjs.org/magic-string/-/magic-string-0.30.18.tgz"
  integrity sha512-yi8swmWbO17qHhwIBNeeZxTceJMeBvWJaId6dyvTSOwTipqeHhMhOrz6513r1sOKnpvQ7zkhlG8tPrpilwTxHQ==
  dependencies:
    "@jridgewell/sourcemap-codec" "^1.5.5"

merge2@^1.3.0:
  version "1.4.1"
  resolved "https://registry.npmjs.org/merge2/-/merge2-1.4.1.tgz"
  integrity sha512-8q7VEgMJW4J8tcfVPy8g09NcQwZdbwFEqhe/WZkoIzjn/3TGDwtOCYtXGxA3O8tPzpczCCDgv+P2P5y00ZJOOg==

micromatch@^4.0.8:
  version "4.0.8"
  resolved "https://registry.npmjs.org/micromatch/-/micromatch-4.0.8.tgz"
  integrity sha512-PXwfBhYu0hBCPw8Dn0E+WDYb7af3dSLVWKi3HGv84IdF4TyFoC0ysxFd0Goxw7nSv4T/PzEJQxsYsEiFCKo2BA==
  dependencies:
    braces "^3.0.3"
    picomatch "^2.3.1"

minipass@^7.0.4, minipass@^7.1.2:
  version "7.1.2"
  resolved "https://registry.npmjs.org/minipass/-/minipass-7.1.2.tgz"
  integrity sha512-qOOzS1cBTWYF4BH8fVePDBOO9iptMnGUEZwNc/cMWnTV2nVLZ7VoNWEPHkYczZA0pdoA7dl6e7FL659nX9S2aw==

minizlib@^3.0.1:
  version "3.0.2"
  resolved "https://registry.npmjs.org/minizlib/-/minizlib-3.0.2.tgz"
  integrity sha512-oG62iEk+CYt5Xj2YqI5Xi9xWUeZhDI8jjQmC5oThVH5JGCTgIjr7ciJDzC7MBzYd//WvR1OTmP5Q38Q8ShQtVA==
  dependencies:
    minipass "^7.1.2"

mkdirp@^3.0.1:
  version "3.0.1"
  resolved "https://registry.npmjs.org/mkdirp/-/mkdirp-3.0.1.tgz"
  integrity sha512-+NsyUUAZDmo6YVHzL/stxSu3t9YS1iljliy3BSDrXJ/dkn1KYdmtZODGGjLcc9XLgVVpH4KshHB8XmZgMhaBXg==

modern-normalize@^3.0.0:
  version "3.0.1"
  resolved "https://registry.npmjs.org/modern-normalize/-/modern-normalize-3.0.1.tgz"
  integrity sha512-VqlMdYi59Uch6fnUPxnpijWUQe+TW6zeWCvyr6Mb7JibheHzSuAAoJi2c71ZwIaWKpECpGpYHoaaBp6rBRr+/g==

ms@^2.1.3:
  version "2.1.3"
  resolved "https://registry.npmjs.org/ms/-/ms-2.1.3.tgz"
  integrity sha512-6FlzubTLZG3J2a/NVCAleEhjzq5oxgHyaCU9yYXvcLsvoVaHJq/s5xXI6/XXP6tz7R9xAOtHnSO/tXtF3WRTlA==

nanoid@^3.3.11:
  version "3.3.11"
  resolved "https://registry.npmjs.org/nanoid/-/nanoid-3.3.11.tgz"
  integrity sha512-N8SpfPUnUp1bK+PMYW8qSWdl9U+wwNWI4QKxOYDy9JAro3WMX7p2OeVRF9v+347pnakNevPmiHhNmZ2HbFA76w==

node-releases@^2.0.19:
  version "2.0.19"
  resolved "https://registry.npmjs.org/node-releases/-/node-releases-2.0.19.tgz"
  integrity sha512-xxOWJsBKtzAq7DY0J+DTzuz58K8e7sJbdgwkbMWQe8UYB6ekmsQ45q0M/tJDsGaZmbC+l7n57UV8Hl5tHxO9uw==

normalize-range@^0.1.2:
  version "0.1.2"
  resolved "https://registry.npmjs.org/normalize-range/-/normalize-range-0.1.2.tgz"
  integrity sha512-bdok/XvKII3nUpklnV6P2hxtMNrCboOjAcyBuQnWEhO665FwrSNRxU+AqpsyvO6LgGYPspN+lu5CLtw4jPRKNA==

picocolors@^1.0.0, picocolors@^1.1.1:
  version "1.1.1"
  resolved "https://registry.npmjs.org/picocolors/-/picocolors-1.1.1.tgz"
  integrity sha512-xceH2snhtb5M9liqDsmEw56le376mTZkEX/jEb/RxNFyegNul7eNslCXP9FDj/Lcu0X8KEyMceP2ntpaHrDEVA==

picomatch@^2.3.1:
  version "2.3.1"
  resolved "https://registry.npmjs.org/picomatch/-/picomatch-2.3.1.tgz"
  integrity sha512-JU3teHTNjmE2VCGFzuY8EXzCDVwEqB2a8fsIvwaStHhAWJEeVd1o1QD80CU6+ZdEXXSLbSsuLwJjkCBWqRQUVA==

postcss-value-parser@^4.2.0:
  version "4.2.0"
  resolved "https://registry.npmjs.org/postcss-value-parser/-/postcss-value-parser-4.2.0.tgz"
  integrity sha512-1NNCs6uurfkVbeXG4S8JFT9t19m45ICnif8zWLd5oPSZ50QnwMfK+H3jv408d4jw/7Bttv5axS5IiHoLaVNHeQ==

postcss@^8.1.0, postcss@^8.4.24, postcss@^8.4.43:
  version "8.5.6"
  resolved "https://registry.npmjs.org/postcss/-/postcss-8.5.6.tgz"
  integrity sha512-3Ybi1tAuwAP9s0r1UQ2J4n5Y0G05bJkpUIO0/bI9MhwmD70S5aTWbXGBwxHrelT+XM1k6dM0pk+SwNkpTRN7Pg==
  dependencies:
    nanoid "^3.3.11"
    picocolors "^1.1.1"
    source-map-js "^1.2.1"

queue-microtask@^1.2.2:
  version "1.2.3"
  resolved "https://registry.npmjs.org/queue-microtask/-/queue-microtask-1.2.3.tgz"
  integrity sha512-NuaNSa6flKT5JaSYQzJok04JzTL1CA6aGhv5rfLW3PgqA+M2ChpZQnAC8h8i4ZFkBS8X5RqkDBHA7r4hej3K9A==

reusify@^1.0.4:
  version "1.1.0"
  resolved "https://registry.npmjs.org/reusify/-/reusify-1.1.0.tgz"
  integrity sha512-g6QUff04oZpHs0eG5p83rFLhHeV00ug/Yf9nZM6fLeUrPguBTkTQOdpAWWspMh55TZfVQDPaN3NQJfbVRAxdIw==

rollup-plugin-gzip@^3.1.0:
  version "3.1.2"
  resolved "https://registry.npmjs.org/rollup-plugin-gzip/-/rollup-plugin-gzip-3.1.2.tgz"
  integrity sha512-9xemMyvCjkklgNpu6jCYqQAbvCLJzA2nilkiOGzFuXTUX3cXEFMwIhsIBRF7kTKD/SnZ1tNPcxFm4m4zJ3VfNQ==

rollup@^4.2.0, rollup@^4.20.0, rollup@>=2.0.0:
  version "4.49.0"
  resolved "https://registry.npmjs.org/rollup/-/rollup-4.49.0.tgz"
  integrity sha512-3IVq0cGJ6H7fKXXEdVt+RcYvRCt8beYY9K1760wGQwSAHZcS9eot1zDG5axUbcp/kWRi5zKIIDX8MoKv/TzvZA==
  dependencies:
    "@types/estree" "1.0.8"
  optionalDependencies:
    "@rollup/rollup-android-arm-eabi" "4.49.0"
    "@rollup/rollup-android-arm64" "4.49.0"
    "@rollup/rollup-darwin-arm64" "4.49.0"
    "@rollup/rollup-darwin-x64" "4.49.0"
    "@rollup/rollup-freebsd-arm64" "4.49.0"
    "@rollup/rollup-freebsd-x64" "4.49.0"
    "@rollup/rollup-linux-arm-gnueabihf" "4.49.0"
    "@rollup/rollup-linux-arm-musleabihf" "4.49.0"
    "@rollup/rollup-linux-arm64-gnu" "4.49.0"
    "@rollup/rollup-linux-arm64-musl" "4.49.0"
    "@rollup/rollup-linux-loongarch64-gnu" "4.49.0"
    "@rollup/rollup-linux-ppc64-gnu" "4.49.0"
    "@rollup/rollup-linux-riscv64-gnu" "4.49.0"
    "@rollup/rollup-linux-riscv64-musl" "4.49.0"
    "@rollup/rollup-linux-s390x-gnu" "4.49.0"
    "@rollup/rollup-linux-x64-gnu" "4.49.0"
    "@rollup/rollup-linux-x64-musl" "4.49.0"
    "@rollup/rollup-win32-arm64-msvc" "4.49.0"
    "@rollup/rollup-win32-ia32-msvc" "4.49.0"
    "@rollup/rollup-win32-x64-msvc" "4.49.0"
    fsevents "~2.3.2"

run-parallel@^1.1.9:
  version "1.2.0"
  resolved "https://registry.npmjs.org/run-parallel/-/run-parallel-1.2.0.tgz"
  integrity sha512-5l4VyZR86LZ/lDxZTR6jqL8AFE2S0IFLMP26AbjsLVADxHdhB/c0GUsH+y39UfCi3dzz8OlQuPmnaJOMoDHQBA==
  dependencies:
    queue-microtask "^1.2.2"

run-pty@^5:
  version "5.0.0"
  resolved "https://registry.npmjs.org/run-pty/-/run-pty-5.0.0.tgz"
  integrity sha512-0gk83+2NmrZGGPlJ88lqt0dYHvgyau/JBdRz9OqEbNyIfmbiq9E5sGCsvHdjrLoUJVh09ZX9r5rN587ACoM3vQ==
  dependencies:
    "@lydell/node-pty" "^1.0.0"
    tiny-decoders "^23.0.0"

source-map-js@^1.2.1:
  version "1.2.1"
  resolved "https://registry.npmjs.org/source-map-js/-/source-map-js-1.2.1.tgz"
  integrity sha512-UXWMKhLOwVKb728IUtQPXxfYU+usdybtUrK/8uGE8CQMvrhOpwvzDBwj0QhSL7MQc7vIsISBG8VQ8+IDQxpfQA==

stimulus-vite-helpers@^3.0.0, stimulus-vite-helpers@^3.1.0:
  version "3.1.0"
  resolved "https://registry.npmjs.org/stimulus-vite-helpers/-/stimulus-vite-helpers-3.1.0.tgz"
  integrity sha512-qy9vnNnu6e/1PArEndp456BuSKLQkBgc+vX2pedOHT0N4GSLQY0l5fuQ4ft56xZ8xSWqrfuYSR+GXXIPtoESww==

tailwindcss@^4.1.12, tailwindcss@4.1.12:
  version "4.1.12"
  resolved "https://registry.npmjs.org/tailwindcss/-/tailwindcss-4.1.12.tgz"
  integrity sha512-DzFtxOi+7NsFf7DBtI3BJsynR+0Yp6etH+nRPTbpWnS2pZBaSksv/JGctNwSWzbFjp0vxSqknaUylseZqMDGrA==

tapable@^2.2.0:
  version "2.2.3"
  resolved "https://registry.npmjs.org/tapable/-/tapable-2.2.3.tgz"
  integrity sha512-ZL6DDuAlRlLGghwcfmSn9sK3Hr6ArtyudlSAiCqQ6IfE+b+HHbydbYDIG15IfS5do+7XQQBdBiubF/cV2dnDzg==

tar@^7.4.3:
  version "7.4.3"
  resolved "https://registry.npmjs.org/tar/-/tar-7.4.3.tgz"
  integrity sha512-5S7Va8hKfV7W5U6g3aYxXmlPoZVAwUMy9AOKyF2fVuZa2UD3qZjg578OrLRt8PcNN1PleVaL/5/yYATNL0ICUw==
  dependencies:
    "@isaacs/fs-minipass" "^4.0.0"
    chownr "^3.0.0"
    minipass "^7.1.2"
    minizlib "^3.0.1"
    mkdirp "^3.0.1"
    yallist "^5.0.0"

tiny-decoders@^23.0.0:
  version "23.0.0"
  resolved "https://registry.npmjs.org/tiny-decoders/-/tiny-decoders-23.0.0.tgz"
  integrity sha512-gQB+za3EW9JN1ASDmrVl1a1I6Q/jzg4M75YLI9ToHCdCW4/9KvBTTNH4u3kFbg8e+/8Zn68VRF+ayuiPNqYAmg==

to-regex-range@^5.0.1:
  version "5.0.1"
  resolved "https://registry.npmjs.org/to-regex-range/-/to-regex-range-5.0.1.tgz"
  integrity sha512-65P7iz6X5yEr1cwcgvQxbbIw7Uk3gOy5dIdtZ4rDveLqhrdJP+Li/Hx6tyK0NEb+2GCyneCMJiGqrADCSNk8sQ==
  dependencies:
    is-number "^7.0.0"

update-browserslist-db@^1.1.3:
  version "1.1.3"
  resolved "https://registry.npmjs.org/update-browserslist-db/-/update-browserslist-db-1.1.3.tgz"
  integrity sha512-UxhIZQ+QInVdunkDAaiazvvT/+fXL5Osr0JZlJulepYu6Jd7qJtDZjlur0emRlT71EN3ScPoE7gvsuIKKNavKw==
  dependencies:
    escalade "^3.2.0"
    picocolors "^1.1.1"

vite-plugin-environment@^1.1.3:
  version "1.1.3"
  resolved "https://registry.npmjs.org/vite-plugin-environment/-/vite-plugin-environment-1.1.3.tgz"
  integrity sha512-9LBhB0lx+2lXVBEWxFZC+WO7PKEyE/ykJ7EPWCq95NEcCpblxamTbs5Dm3DLBGzwODpJMEnzQywJU8fw6XGGGA==

vite-plugin-full-reload@^1.1.0:
  version "1.2.0"
  resolved "https://registry.npmjs.org/vite-plugin-full-reload/-/vite-plugin-full-reload-1.2.0.tgz"
  integrity sha512-kz18NW79x0IHbxRSHm0jttP4zoO9P9gXh+n6UTwlNKnviTTEpOlum6oS9SmecrTtSr+muHEn5TUuC75UovQzcA==
  dependencies:
    picocolors "^1.0.0"
    picomatch "^2.3.1"

vite-plugin-manifest-sri@^0.2.0:
  version "0.2.0"
  resolved "https://registry.npmjs.org/vite-plugin-manifest-sri/-/vite-plugin-manifest-sri-0.2.0.tgz"
  integrity sha512-Zt5jt19xTIJ91LOuQTCtNG7rTFc5OziAjBz2H5NdCGqaOD1nxrWExLhcKW+W4/q8/jOPCg/n5ncYEQmqCxiGQQ==

vite-plugin-rails@^0.5.0:
  version "0.5.0"
  resolved "https://registry.npmjs.org/vite-plugin-rails/-/vite-plugin-rails-0.5.0.tgz"
  integrity sha512-PR3zTHW96X8c7dRsuL2Mu1EAXXeO8fQjQ2KanwIC7EWgBST+D8AKjJyEUAr13IakrIYvd1cM3LcQUcrKmCMePg==
  dependencies:
    rollup-plugin-gzip "^3.1.0"
    vite-plugin-environment "^1.1.3"
    vite-plugin-full-reload "^1.1.0"
    vite-plugin-manifest-sri "^0.2.0"
    vite-plugin-ruby "^5.0.0"
    vite-plugin-stimulus-hmr "^3.0.0"

vite-plugin-ruby@^5.0.0:
  version "5.1.1"
  resolved "https://registry.npmjs.org/vite-plugin-ruby/-/vite-plugin-ruby-5.1.1.tgz"
  integrity sha512-I1dXJq2ywdvTD2Cz5LYNcYLujqQ3eUxPoCjruRdfm2QBtHBY15NEeb6x5HuPM3T5S+y8S3p9fwRsieQQCjk0gg==
  dependencies:
    debug "^4.3.4"
    fast-glob "^3.3.2"

vite-plugin-stimulus-hmr@^3.0.0:
  version "3.0.0"
  resolved "https://registry.npmjs.org/vite-plugin-stimulus-hmr/-/vite-plugin-stimulus-hmr-3.0.0.tgz"
  integrity sha512-KElOiZOlaG4XilQQHrzK8M1u5UfK4EFfADJKQYbnmsUMifDOnPR6anVYgHAN95QyWJ67Q/rYWe5BB9M5OxocfQ==
  dependencies:
    debug "^4.3"
    stimulus-vite-helpers "^3.0.0"

vite@^5.0.0, "vite@^5.2.0 || ^6 || ^7", "vite@>= 2.7", vite@>=5.0.0:
  version "5.4.19"
  resolved "https://registry.npmjs.org/vite/-/vite-5.4.19.tgz"
  integrity sha512-qO3aKv3HoQC8QKiNSTuUM1l9o/XX3+c+VTgLHbJWHZGeTPVAg2XwazI9UWzoxjIJCGCV2zU60uqMzjeLZuULqA==
  dependencies:
    esbuild "^0.21.3"
    postcss "^8.4.43"
    rollup "^4.20.0"
  optionalDependencies:
    fsevents "~2.3.3"

yallist@^5.0.0:
  version "5.0.0"
  resolved "https://registry.npmjs.org/yallist/-/yallist-5.0.0.tgz"
  integrity sha512-YgvUTfwqyc7UXVMrB+SImsVYSmTS8X/tSrtdNZMImM+n7+QTriRXyXim0mBrTXNeqzVF0KWGgHPeiyViFFrNDw==
